// !$*UTF8*$!
{
	archiveVersion = 1;
	classes = {
	};
	objectVersion = 48;
	objects = {

/* Begin PBXBuildFile section */
		D50985F41EEF8B3200793835 /* AutoCompleteAdaptor.swift in Sources */ = {isa = PBXBuildFile; fileRef = D50985F31EEF8B3200793835 /* AutoCompleteAdaptor.swift */; };
		D50985F61EEF946900793835 /* SearchAdaptor.swift in Sources */ = {isa = PBXBuildFile; fileRef = D50985F51EEF946800793835 /* SearchAdaptor.swift */; };
		D534F6A31EEFD8460076A442 /* GiffyModel.swift in Sources */ = {isa = PBXBuildFile; fileRef = D534F6A21EEFD8450076A442 /* GiffyModel.swift */; };
		D534F6A91EF047F50076A442 /* TableViewAdaptor.swift in Sources */ = {isa = PBXBuildFile; fileRef = D534F6A81EF047F40076A442 /* TableViewAdaptor.swift */; };
		D566E82F1EF0737E005FDAB8 /* GiffyTableViewCell.swift in Sources */ = {isa = PBXBuildFile; fileRef = D566E82E1EF0737E005FDAB8 /* GiffyTableViewCell.swift */; };
		D5998C8C1EEF690400BC95F2 /* NetworkRequest.swift in Sources */ = {isa = PBXBuildFile; fileRef = D5998C861EEF681B00BC95F2 /* NetworkRequest.swift */; };
		D5998C921EEF691300BC95F2 /* RestNetworkRequest.swift in Sources */ = {isa = PBXBuildFile; fileRef = D5998C881EEF681B00BC95F2 /* RestNetworkRequest.swift */; };
		D5998C931EEF691300BC95F2 /* RestRequestManager.swift in Sources */ = {isa = PBXBuildFile; fileRef = D5998C851EEF681B00BC95F2 /* RestRequestManager.swift */; };
		D5998C941EEF691300BC95F2 /* UIImageView+Extension.swift in Sources */ = {isa = PBXBuildFile; fileRef = D5998C831EEF681B00BC95F2 /* UIImageView+Extension.swift */; };
		D5B742881EEF5F55005BCE79 /* AppDelegate.swift in Sources */ = {isa = PBXBuildFile; fileRef = D5B742871EEF5F55005BCE79 /* AppDelegate.swift */; };
		D5B7428A1EEF5F55005BCE79 /* ViewController.swift in Sources */ = {isa = PBXBuildFile; fileRef = D5B742891EEF5F55005BCE79 /* ViewController.swift */; };
		D5B7428D1EEF5F55005BCE79 /* Main.storyboard in Resources */ = {isa = PBXBuildFile; fileRef = D5B7428B1EEF5F55005BCE79 /* Main.storyboard */; };
		D5B7428F1EEF5F55005BCE79 /* Assets.xcassets in Resources */ = {isa = PBXBuildFile; fileRef = D5B7428E1EEF5F55005BCE79 /* Assets.xcassets */; };
		D5B742921EEF5F55005BCE79 /* LaunchScreen.storyboard in Resources */ = {isa = PBXBuildFile; fileRef = D5B742901EEF5F55005BCE79 /* LaunchScreen.storyboard */; };
		D5B742A01EEF604D005BCE79 /* Query.swift in Sources */ = {isa = PBXBuildFile; fileRef = D5B7429F1EEF604D005BCE79 /* Query.swift */; };
/* End PBXBuildFile section */

/* Begin PBXFileReference section */
		D50985F31EEF8B3200793835 /* AutoCompleteAdaptor.swift */ = {isa = PBXFileReference; lastKnownFileType = sourcecode.swift; path = AutoCompleteAdaptor.swift; sourceTree = "<group>"; };
		D50985F51EEF946800793835 /* SearchAdaptor.swift */ = {isa = PBXFileReference; lastKnownFileType = sourcecode.swift; path = SearchAdaptor.swift; sourceTree = "<group>"; };
		D534F6A21EEFD8450076A442 /* GiffyModel.swift */ = {isa = PBXFileReference; lastKnownFileType = sourcecode.swift; path = GiffyModel.swift; sourceTree = "<group>"; };
		D534F6A81EF047F40076A442 /* TableViewAdaptor.swift */ = {isa = PBXFileReference; lastKnownFileType = sourcecode.swift; path = TableViewAdaptor.swift; sourceTree = "<group>"; };
		D566E82E1EF0737E005FDAB8 /* GiffyTableViewCell.swift */ = {isa = PBXFileReference; lastKnownFileType = sourcecode.swift; path = GiffyTableViewCell.swift; sourceTree = "<group>"; };
		D5998C831EEF681B00BC95F2 /* UIImageView+Extension.swift */ = {isa = PBXFileReference; lastKnownFileType = sourcecode.swift; path = "UIImageView+Extension.swift"; sourceTree = "<group>"; };
		D5998C851EEF681B00BC95F2 /* RestRequestManager.swift */ = {isa = PBXFileReference; lastKnownFileType = sourcecode.swift; path = RestRequestManager.swift; sourceTree = "<group>"; };
		D5998C861EEF681B00BC95F2 /* NetworkRequest.swift */ = {isa = PBXFileReference; lastKnownFileType = sourcecode.swift; path = NetworkRequest.swift; sourceTree = "<group>"; };
		D5998C881EEF681B00BC95F2 /* RestNetworkRequest.swift */ = {isa = PBXFileReference; lastKnownFileType = sourcecode.swift; path = RestNetworkRequest.swift; sourceTree = "<group>"; };
		D5B742841EEF5F55005BCE79 /* Giffy.app */ = {isa = PBXFileReference; explicitFileType = wrapper.application; includeInIndex = 0; path = Giffy.app; sourceTree = BUILT_PRODUCTS_DIR; };
		D5B742871EEF5F55005BCE79 /* AppDelegate.swift */ = {isa = PBXFileReference; lastKnownFileType = sourcecode.swift; path = AppDelegate.swift; sourceTree = "<group>"; };
		D5B742891EEF5F55005BCE79 /* ViewController.swift */ = {isa = PBXFileReference; lastKnownFileType = sourcecode.swift; path = ViewController.swift; sourceTree = "<group>"; };
		D5B7428C1EEF5F55005BCE79 /* Base */ = {isa = PBXFileReference; lastKnownFileType = file.storyboard; name = Base; path = Base.lproj/Main.storyboard; sourceTree = "<group>"; };
		D5B7428E1EEF5F55005BCE79 /* Assets.xcassets */ = {isa = PBXFileReference; lastKnownFileType = folder.assetcatalog; path = Assets.xcassets; sourceTree = "<group>"; };
		D5B742911EEF5F55005BCE79 /* Base */ = {isa = PBXFileReference; lastKnownFileType = file.storyboard; name = Base; path = Base.lproj/LaunchScreen.storyboard; sourceTree = "<group>"; };
		D5B742931EEF5F55005BCE79 /* Info.plist */ = {isa = PBXFileReference; lastKnownFileType = text.plist.xml; path = Info.plist; sourceTree = "<group>"; };
		D5B7429F1EEF604D005BCE79 /* Query.swift */ = {isa = PBXFileReference; lastKnownFileType = sourcecode.swift; path = Query.swift; sourceTree = "<group>"; };
/* End PBXFileReference section */

/* Begin PBXFrameworksBuildPhase section */
		D5B742811EEF5F55005BCE79 /* Frameworks */ = {
			isa = PBXFrameworksBuildPhase;
			buildActionMask = 2147483647;
			files = (
			);
			runOnlyForDeploymentPostprocessing = 0;
		};
/* End PBXFrameworksBuildPhase section */

/* Begin PBXGroup section */
		D534F6A41EEFD9820076A442 /* Model */ = {
			isa = PBXGroup;
			children = (
				D5B7429F1EEF604D005BCE79 /* Query.swift */,
				D5998C861EEF681B00BC95F2 /* NetworkRequest.swift */,
				D5998C881EEF681B00BC95F2 /* RestNetworkRequest.swift */,
				D534F6A21EEFD8450076A442 /* GiffyModel.swift */,
				D5998C851EEF681B00BC95F2 /* RestRequestManager.swift */,
			);
			path = Model;
			sourceTree = "<group>";
		};
		D534F6A51EEFD9A10076A442 /* Controller */ = {
			isa = PBXGroup;
			children = (
				D50985F31EEF8B3200793835 /* AutoCompleteAdaptor.swift */,
				D50985F51EEF946800793835 /* SearchAdaptor.swift */,
				D5B742891EEF5F55005BCE79 /* ViewController.swift */,
				D534F6A81EF047F40076A442 /* TableViewAdaptor.swift */,
			);
			path = Controller;
			sourceTree = "<group>";
		};
		D534F6A61EEFD9C40076A442 /* View */ = {
			isa = PBXGroup;
			children = (
				D5998C831EEF681B00BC95F2 /* UIImageView+Extension.swift */,
				D566E82E1EF0737E005FDAB8 /* GiffyTableViewCell.swift */,
			);
			path = View;
			sourceTree = "<group>";
		};
		D5B7427B1EEF5F55005BCE79 = {
			isa = PBXGroup;
			children = (
				D5B742861EEF5F55005BCE79 /* Giffy */,
				D5B742851EEF5F55005BCE79 /* Products */,
			);
			sourceTree = "<group>";
		};
		D5B742851EEF5F55005BCE79 /* Products */ = {
			isa = PBXGroup;
			children = (
				D5B742841EEF5F55005BCE79 /* Giffy.app */,
			);
			name = Products;
			sourceTree = "<group>";
		};
		D5B742861EEF5F55005BCE79 /* Giffy */ = {
			isa = PBXGroup;
			children = (
				D534F6A41EEFD9820076A442 /* Model */,
				D534F6A51EEFD9A10076A442 /* Controller */,
				D534F6A61EEFD9C40076A442 /* View */,
				D5B742871EEF5F55005BCE79 /* AppDelegate.swift */,
				D5B7428B1EEF5F55005BCE79 /* Main.storyboard */,
				D5B7428E1EEF5F55005BCE79 /* Assets.xcassets */,
				D5B742901EEF5F55005BCE79 /* LaunchScreen.storyboard */,
				D5B742931EEF5F55005BCE79 /* Info.plist */,
			);
			path = Giffy;
			sourceTree = "<group>";
		};
/* End PBXGroup section */

/* Begin PBXNativeTarget section */
		D5B742831EEF5F55005BCE79 /* Giffy */ = {
			isa = PBXNativeTarget;
			buildConfigurationList = D5B742961EEF5F55005BCE79 /* Build configuration list for PBXNativeTarget "Giffy" */;
			buildPhases = (
				D5B742801EEF5F55005BCE79 /* Sources */,
				D5B742811EEF5F55005BCE79 /* Frameworks */,
				D5B742821EEF5F55005BCE79 /* Resources */,
			);
			buildRules = (
			);
			dependencies = (
			);
			name = Giffy;
			productName = Giffy;
			productReference = D5B742841EEF5F55005BCE79 /* Giffy.app */;
			productType = "com.apple.product-type.application";
		};
/* End PBXNativeTarget section */

/* Begin PBXProject section */
		D5B7427C1EEF5F55005BCE79 /* Project object */ = {
			isa = PBXProject;
			attributes = {
				LastSwiftUpdateCheck = 0900;
				LastUpgradeCheck = 0900;
				ORGANIZATIONNAME = "Paul Ossenbruggen";
				TargetAttributes = {
					D5B742831EEF5F55005BCE79 = {
						CreatedOnToolsVersion = 9.0;
						LastSwiftMigration = 0900;
					};
				};
			};
			buildConfigurationList = D5B7427F1EEF5F55005BCE79 /* Build configuration list for PBXProject "Giffy" */;
			compatibilityVersion = "Xcode 8.0";
			developmentRegion = en;
			hasScannedForEncodings = 0;
			knownRegions = (
				en,
				Base,
			);
			mainGroup = D5B7427B1EEF5F55005BCE79;
			productRefGroup = D5B742851EEF5F55005BCE79 /* Products */;
			projectDirPath = "";
			projectRoot = "";
			targets = (
				D5B742831EEF5F55005BCE79 /* Giffy */,
			);
		};
/* End PBXProject section */

/* Begin PBXResourcesBuildPhase section */
		D5B742821EEF5F55005BCE79 /* Resources */ = {
			isa = PBXResourcesBuildPhase;
			buildActionMask = 2147483647;
			files = (
				D5B742921EEF5F55005BCE79 /* LaunchScreen.storyboard in Resources */,
				D5B7428F1EEF5F55005BCE79 /* Assets.xcassets in Resources */,
				D5B7428D1EEF5F55005BCE79 /* Main.storyboard in Resources */,
			);
			runOnlyForDeploymentPostprocessing = 0;
		};
/* End PBXResourcesBuildPhase section */

/* Begin PBXSourcesBuildPhase section */
		D5B742801EEF5F55005BCE79 /* Sources */ = {
			isa = PBXSourcesBuildPhase;
			buildActionMask = 2147483647;
			files = (
				D5998C921EEF691300BC95F2 /* RestNetworkRequest.swift in Sources */,
				D50985F41EEF8B3200793835 /* AutoCompleteAdaptor.swift in Sources */,
				D5B7428A1EEF5F55005BCE79 /* ViewController.swift in Sources */,
				D534F6A31EEFD8460076A442 /* GiffyModel.swift in Sources */,
				D50985F61EEF946900793835 /* SearchAdaptor.swift in Sources */,
				D5998C941EEF691300BC95F2 /* UIImageView+Extension.swift in Sources */,
				D5998C8C1EEF690400BC95F2 /* NetworkRequest.swift in Sources */,
				D5998C931EEF691300BC95F2 /* RestRequestManager.swift in Sources */,
				D5B742881EEF5F55005BCE79 /* AppDelegate.swift in Sources */,
				D534F6A91EF047F50076A442 /* TableViewAdaptor.swift in Sources */,
				D5B742A01EEF604D005BCE79 /* Query.swift in Sources */,
				D566E82F1EF0737E005FDAB8 /* GiffyTableViewCell.swift in Sources */,
			);
			runOnlyForDeploymentPostprocessing = 0;
		};
/* End PBXSourcesBuildPhase section */

/* Begin PBXVariantGroup section */
		D5B7428B1EEF5F55005BCE79 /* Main.storyboard */ = {
			isa = PBXVariantGroup;
			children = (
				D5B7428C1EEF5F55005BCE79 /* Base */,
			);
			name = Main.storyboard;
			sourceTree = "<group>";
		};
		D5B742901EEF5F55005BCE79 /* LaunchScreen.storyboard */ = {
			isa = PBXVariantGroup;
			children = (
				D5B742911EEF5F55005BCE79 /* Base */,
			);
			name = LaunchScreen.storyboard;
			sourceTree = "<group>";
		};
/* End PBXVariantGroup section */

/* Begin XCBuildConfiguration section */
		D5B742941EEF5F55005BCE79 /* Debug */ = {
			isa = XCBuildConfiguration;
			buildSettings = {
				ALWAYS_SEARCH_USER_PATHS = NO;
				CLANG_ANALYZER_NONNULL = YES;
				CLANG_ANALYZER_NUMBER_OBJECT_CONVERSION = YES_AGGRESSIVE;
				CLANG_CXX_LANGUAGE_STANDARD = "gnu++14";
				CLANG_CXX_LIBRARY = "libc++";
				CLANG_ENABLE_MODULES = YES;
				CLANG_ENABLE_OBJC_ARC = YES;
				CLANG_WARN_BLOCK_CAPTURE_AUTORELEASING = YES;
				CLANG_WARN_BOOL_CONVERSION = YES;
				CLANG_WARN_COMMA = YES;
				CLANG_WARN_CONSTANT_CONVERSION = YES;
				CLANG_WARN_DIRECT_OBJC_ISA_USAGE = YES_ERROR;
				CLANG_WARN_DOCUMENTATION_COMMENTS = YES;
				CLANG_WARN_EMPTY_BODY = YES;
				CLANG_WARN_ENUM_CONVERSION = YES;
				CLANG_WARN_INFINITE_RECURSION = YES;
				CLANG_WARN_INT_CONVERSION = YES;
				CLANG_WARN_OBJC_ROOT_CLASS = YES_ERROR;
				CLANG_WARN_RANGE_LOOP_ANALYSIS = YES;
				CLANG_WARN_STRICT_PROTOTYPES = YES;
				CLANG_WARN_SUSPICIOUS_MOVE = YES;
				CLANG_WARN_UNGUARDED_AVAILABILITY = YES_AGGRESSIVE;
				CLANG_WARN_UNREACHABLE_CODE = YES;
				CLANG_WARN__DUPLICATE_METHOD_MATCH = YES;
				CODE_SIGN_IDENTITY = "iPhone Developer";
				COPY_PHASE_STRIP = NO;
				DEBUG_INFORMATION_FORMAT = dwarf;
				ENABLE_STRICT_OBJC_MSGSEND = YES;
				ENABLE_TESTABILITY = YES;
				GCC_C_LANGUAGE_STANDARD = gnu11;
				GCC_DYNAMIC_NO_PIC = NO;
				GCC_NO_COMMON_BLOCKS = YES;
				GCC_OPTIMIZATION_LEVEL = 0;
				GCC_PREPROCESSOR_DEFINITIONS = (
					"DEBUG=1",
					"$(inherited)",
				);
				GCC_WARN_64_TO_32_BIT_CONVERSION = YES;
				GCC_WARN_ABOUT_RETURN_TYPE = YES_ERROR;
				GCC_WARN_UNDECLARED_SELECTOR = YES;
				GCC_WARN_UNINITIALIZED_AUTOS = YES_AGGRESSIVE;
				GCC_WARN_UNUSED_FUNCTION = YES;
				GCC_WARN_UNUSED_VARIABLE = YES;
				IPHONEOS_DEPLOYMENT_TARGET = 11.0;
				MTL_ENABLE_DEBUG_INFO = YES;
				ONLY_ACTIVE_ARCH = YES;
				SDKROOT = iphoneos;
				SWIFT_ACTIVE_COMPILATION_CONDITIONS = DEBUG;
				SWIFT_OPTIMIZATION_LEVEL = "-Onone";
			};
			name = Debug;
		};
		D5B742951EEF5F55005BCE79 /* Release */ = {
			isa = XCBuildConfiguration;
			buildSettings = {
				ALWAYS_SEARCH_USER_PATHS = NO;
				CLANG_ANALYZER_NONNULL = YES;
				CLANG_ANALYZER_NUMBER_OBJECT_CONVERSION = YES_AGGRESSIVE;
				CLANG_CXX_LANGUAGE_STANDARD = "gnu++14";
				CLANG_CXX_LIBRARY = "libc++";
				CLANG_ENABLE_MODULES = YES;
				CLANG_ENABLE_OBJC_ARC = YES;
				CLANG_WARN_BLOCK_CAPTURE_AUTORELEASING = YES;
				CLANG_WARN_BOOL_CONVERSION = YES;
				CLANG_WARN_COMMA = YES;
				CLANG_WARN_CONSTANT_CONVERSION = YES;
				CLANG_WARN_DIRECT_OBJC_ISA_USAGE = YES_ERROR;
				CLANG_WARN_DOCUMENTATION_COMMENTS = YES;
				CLANG_WARN_EMPTY_BODY = YES;
				CLANG_WARN_ENUM_CONVERSION = YES;
				CLANG_WARN_INFINITE_RECURSION = YES;
				CLANG_WARN_INT_CONVERSION = YES;
				CLANG_WARN_OBJC_ROOT_CLASS = YES_ERROR;
				CLANG_WARN_RANGE_LOOP_ANALYSIS = YES;
				CLANG_WARN_STRICT_PROTOTYPES = YES;
				CLANG_WARN_SUSPICIOUS_MOVE = YES;
				CLANG_WARN_UNGUARDED_AVAILABILITY = YES_AGGRESSIVE;
				CLANG_WARN_UNREACHABLE_CODE = YES;
				CLANG_WARN__DUPLICATE_METHOD_MATCH = YES;
				CODE_SIGN_IDENTITY = "iPhone Developer";
				COPY_PHASE_STRIP = NO;
				DEBUG_INFORMATION_FORMAT = "dwarf-with-dsym";
				ENABLE_NS_ASSERTIONS = NO;
				ENABLE_STRICT_OBJC_MSGSEND = YES;
				GCC_C_LANGUAGE_STANDARD = gnu11;
				GCC_NO_COMMON_BLOCKS = YES;
				GCC_WARN_64_TO_32_BIT_CONVERSION = YES;
				GCC_WARN_ABOUT_RETURN_TYPE = YES_ERROR;
				GCC_WARN_UNDECLARED_SELECTOR = YES;
				GCC_WARN_UNINITIALIZED_AUTOS = YES_AGGRESSIVE;
				GCC_WARN_UNUSED_FUNCTION = YES;
				GCC_WARN_UNUSED_VARIABLE = YES;
				IPHONEOS_DEPLOYMENT_TARGET = 11.0;
				MTL_ENABLE_DEBUG_INFO = NO;
				SDKROOT = iphoneos;
				SWIFT_OPTIMIZATION_LEVEL = "-Owholemodule";
				VALIDATE_PRODUCT = YES;
			};
			name = Release;
		};
		D5B742971EEF5F55005BCE79 /* Debug */ = {
			isa = XCBuildConfiguration;
			buildSettings = {
				ASSETCATALOG_COMPILER_APPICON_NAME = AppIcon;
				DEVELOPMENT_TEAM = UVHFXZWG47;
				INFOPLIST_FILE = Giffy/Info.plist;
				IPHONEOS_DEPLOYMENT_TARGET = 10.3;
				LD_RUNPATH_SEARCH_PATHS = "$(inherited) @executable_path/Frameworks";
				PRODUCT_BUNDLE_IDENTIFIER = com.synthus.Giffy;
				PRODUCT_NAME = "$(TARGET_NAME)";
				SWIFT_SWIFT3_OBJC_INFERENCE = Default;
				SWIFT_VERSION = 4.0;
				TARGETED_DEVICE_FAMILY = "1,2";
			};
			name = Debug;
		};
		D5B742981EEF5F55005BCE79 /* Release */ = {
			isa = XCBuildConfiguration;
			buildSettings = {
				ASSETCATALOG_COMPILER_APPICON_NAME = AppIcon;
				DEVELOPMENT_TEAM = UVHFXZWG47;
				INFOPLIST_FILE = Giffy/Info.plist;
				IPHONEOS_DEPLOYMENT_TARGET = 10.3;
				LD_RUNPATH_SEARCH_PATHS = "$(inherited) @executable_path/Frameworks";
				PRODUCT_BUNDLE_IDENTIFIER = com.synthus.Giffy;
				PRODUCT_NAME = "$(TARGET_NAME)";
				SWIFT_SWIFT3_OBJC_INFERENCE = Default;
				SWIFT_VERSION = 4.0;
				TARGETED_DEVICE_FAMILY = "1,2";
			};
			name = Release;
		};
/* End XCBuildConfiguration section */

/* Begin XCConfigurationList section */
		D5B7427F1EEF5F55005BCE79 /* Build configuration list for PBXProject "Giffy" */ = {
			isa = XCConfigurationList;
			buildConfigurations = (
				D5B742941EEF5F55005BCE79 /* Debug */,
				D5B742951EEF5F55005BCE79 /* Release */,
			);
			defaultConfigurationIsVisible = 0;
			defaultConfigurationName = Release;
		};
		D5B742961EEF5F55005BCE79 /* Build configuration list for PBXNativeTarget "Giffy" */ = {
			isa = XCConfigurationList;
			buildConfigurations = (
				D5B742971EEF5F55005BCE79 /* Debug */,
				D5B742981EEF5F55005BCE79 /* Release */,
			);
			defaultConfigurationIsVisible = 0;
			defaultConfigurationName = Release;
		};
/* End XCConfigurationList section */
	};
	rootObject = D5B7427C1EEF5F55005BCE79 /* Project object */;
}
